
Microsoft Visual Studio Solution File, Format Version 12.00
# Visual Studio Version 17
VisualStudioVersion = 17.13.35806.99 d17.13
MinimumVisualStudioVersion = 10.0.40219.1
Project("{FAE04EC0-301F-11D3-BF4B-00C04F79EFBC}") = "04_Recursion", "04_Recursion\04_Recursion.csproj", "{0C6C7FB6-4385-419A-9261-A49613F9447D}"
EndProject
Global
	GlobalSection(SolutionConfigurationPlatforms) = preSolution
		Debug|Any CPU = Debug|Any CPU
		Release|Any CPU = Release|Any CPU
	EndGlobalSection
	GlobalSection(ProjectConfigurationPlatforms) = postSolution
		{0C6C7FB6-4385-419A-9261-A49613F9447D}.Debug|Any CPU.ActiveCfg = Debug|Any CPU
		{0C6C7FB6-4385-419A-9261-A49613F9447D}.Debug|Any CPU.Build.0 = Debug|Any CPU
		{0C6C7FB6-4385-419A-9261-A49613F9447D}.Release|Any CPU.ActiveCfg = Release|Any CPU
		{0C6C7FB6-4385-419A-9261-A49613F9447D}.Release|Any CPU.Build.0 = Release|Any CPU
	EndGlobalSection
	GlobalSection(SolutionProperties) = preSolution
		HideSolutionNode = FALSE
	EndGlobalSection
	GlobalSection(ExtensibilityGlobals) = postSolution
		SolutionGuid = {6029B31C-7C42-4E62-9DBD-AA7944380C83}
	EndGlobalSection
EndGlobal
