
Microsoft Visual Studio Solution File, Format Version 12.00
# Visual Studio Version 17
VisualStudioVersion = 17.13.35806.99 d17.13
MinimumVisualStudioVersion = 10.0.40219.1
Project("{FAE04EC0-301F-11D3-BF4B-00C04F79EFBC}") = "05_VeterinaryActivitie", "05_VeterinaryActivitie\05_VeterinaryActivitie.csproj", "{CCFC33B0-4D10-469F-9790-743945C79913}"
EndProject
Global
	GlobalSection(SolutionConfigurationPlatforms) = preSolution
		Debug|Any CPU = Debug|Any CPU
		Release|Any CPU = Release|Any CPU
	EndGlobalSection
	GlobalSection(ProjectConfigurationPlatforms) = postSolution
		{CCFC33B0-4D10-469F-9790-743945C79913}.Debug|Any CPU.ActiveCfg = Debug|Any CPU
		{CCFC33B0-4D10-469F-9790-743945C79913}.Debug|Any CPU.Build.0 = Debug|Any CPU
		{CCFC33B0-4D10-469F-9790-743945C79913}.Release|Any CPU.ActiveCfg = Release|Any CPU
		{CCFC33B0-4D10-469F-9790-743945C79913}.Release|Any CPU.Build.0 = Release|Any CPU
	EndGlobalSection
	GlobalSection(SolutionProperties) = preSolution
		HideSolutionNode = FALSE
	EndGlobalSection
	GlobalSection(ExtensibilityGlobals) = postSolution
		SolutionGuid = {FCDC5A47-7BE6-459D-82AB-975FAE3852D7}
	EndGlobalSection
EndGlobal
